
Microsoft Visual Studio Solution File, Format Version 12.00
# Visual Studio Version 17
VisualStudioVersion = 17.11.35222.181
MinimumVisualStudioVersion = 10.0.40219.1
Project("{FAE04EC0-301F-11D3-BF4B-00C04F79EFBC}") = "MVC_WithAJAX", "MVC_WithAJAX\MVC_WithAJAX.csproj", "{9494492D-8EAB-4257-9BC1-50B608B96119}"
EndProject
Global
	GlobalSection(SolutionConfigurationPlatforms) = preSolution
		Debug|Any CPU = Debug|Any CPU
		Release|Any CPU = Release|Any CPU
	EndGlobalSection
	GlobalSection(ProjectConfigurationPlatforms) = postSolution
		{9494492D-8EAB-4257-9BC1-50B608B96119}.Debug|Any CPU.ActiveCfg = Debug|Any CPU
		{9494492D-8EAB-4257-9BC1-50B608B96119}.Debug|Any CPU.Build.0 = Debug|Any CPU
		{9494492D-8EAB-4257-9BC1-50B608B96119}.Release|Any CPU.ActiveCfg = Release|Any CPU
		{9494492D-8EAB-4257-9BC1-50B608B96119}.Release|Any CPU.Build.0 = Release|Any CPU
	EndGlobalSection
	GlobalSection(SolutionProperties) = preSolution
		HideSolutionNode = FALSE
	EndGlobalSection
	GlobalSection(ExtensibilityGlobals) = postSolution
		SolutionGuid = {D0315156-BA31-47A9-B5F6-C178190A528F}
	EndGlobalSection
EndGlobal
